
Microsoft Visual Studio Solution File, Format Version 12.00
# Visual Studio Version 17
VisualStudioVersion = 17.14.36310.24
MinimumVisualStudioVersion = 10.0.40219.1
Project("{FAE04EC0-301F-11D3-BF4B-00C04F79EFBC}") = "MusicSoundAPI", "MusicSoundAPI.csproj", "{B07A0D03-08B4-40E5-A222-A27F9FA0F529}"
EndProject
Project("{FAE04EC0-301F-11D3-BF4B-00C04F79EFBC}") = "MusicSoundAPIStandard", "..\MusicSoundAPIStandard\MusicSoundAPIStandard.csproj", "{4BBDDF4D-65AD-4099-AB51-F8B5861C950A}"
EndProject
Project("{FAE04EC0-301F-11D3-BF4B-00C04F79EFBC}") = "MusicBenchMark", "..\MusicBenchMark\MusicBenchMark.csproj", "{BD0669E8-2DA1-49ED-8427-F8F671A1CD9C}"
EndProject
Global
	GlobalSection(SolutionConfigurationPlatforms) = preSolution
		Debug|Any CPU = Debug|Any CPU
		Release|Any CPU = Release|Any CPU
	EndGlobalSection
	GlobalSection(ProjectConfigurationPlatforms) = postSolution
		{B07A0D03-08B4-40E5-A222-A27F9FA0F529}.Debug|Any CPU.ActiveCfg = Debug|Any CPU
		{B07A0D03-08B4-40E5-A222-A27F9FA0F529}.Debug|Any CPU.Build.0 = Debug|Any CPU
		{B07A0D03-08B4-40E5-A222-A27F9FA0F529}.Release|Any CPU.ActiveCfg = Release|Any CPU
		{B07A0D03-08B4-40E5-A222-A27F9FA0F529}.Release|Any CPU.Build.0 = Release|Any CPU
		{4BBDDF4D-65AD-4099-AB51-F8B5861C950A}.Debug|Any CPU.ActiveCfg = Debug|Any CPU
		{4BBDDF4D-65AD-4099-AB51-F8B5861C950A}.Debug|Any CPU.Build.0 = Debug|Any CPU
		{4BBDDF4D-65AD-4099-AB51-F8B5861C950A}.Release|Any CPU.ActiveCfg = Release|Any CPU
		{4BBDDF4D-65AD-4099-AB51-F8B5861C950A}.Release|Any CPU.Build.0 = Release|Any CPU
		{BD0669E8-2DA1-49ED-8427-F8F671A1CD9C}.Debug|Any CPU.ActiveCfg = Debug|Any CPU
		{BD0669E8-2DA1-49ED-8427-F8F671A1CD9C}.Debug|Any CPU.Build.0 = Debug|Any CPU
		{BD0669E8-2DA1-49ED-8427-F8F671A1CD9C}.Release|Any CPU.ActiveCfg = Release|Any CPU
		{BD0669E8-2DA1-49ED-8427-F8F671A1CD9C}.Release|Any CPU.Build.0 = Release|Any CPU
	EndGlobalSection
	GlobalSection(SolutionProperties) = preSolution
		HideSolutionNode = FALSE
	EndGlobalSection
	GlobalSection(ExtensibilityGlobals) = postSolution
		SolutionGuid = {8E080F9E-C393-4C49-BAB9-A800DBB13F74}
	EndGlobalSection
EndGlobal
